// !$*UTF8*$!
{
	archiveVersion = 1;
	classes = {
	};
	objectVersion = 50;
	objects = {

/* Begin PBXBuildFile section */
		012AFADB27E26FF5000B5434 /* PathFinder.swift in Sources */ = {isa = PBXBuildFile; fileRef = 012AFADA27E26FF5000B5434 /* PathFinder.swift */; };
		012AFADD27E27049000B5434 /* Path.swift in Sources */ = {isa = PBXBuildFile; fileRef = 012AFADC27E27049000B5434 /* Path.swift */; };
		012AFAE027E285AD000B5434 /* ResetButtonViewModel.swift in Sources */ = {isa = PBXBuildFile; fileRef = 012AFADF27E285AD000B5434 /* ResetButtonViewModel.swift */; };
		012AFAE427E28619000B5434 /* CellWithButtonTableViewCell.swift in Sources */ = {isa = PBXBuildFile; fileRef = 012AFAE227E28619000B5434 /* CellWithButtonTableViewCell.swift */; };
		012AFAE527E28619000B5434 /* CellWithButtonTableViewCell.xib in Resources */ = {isa = PBXBuildFile; fileRef = 012AFAE327E28619000B5434 /* CellWithButtonTableViewCell.xib */; };
		012F01B727E3D83500810AE1 /* PathNotationCellViewModel.swift in Sources */ = {isa = PBXBuildFile; fileRef = 012F01B627E3D83500810AE1 /* PathNotationCellViewModel.swift */; };
		01AEEE2A27DFB9E8008B900C /* AppDelegate.swift in Sources */ = {isa = PBXBuildFile; fileRef = 01AEEE2927DFB9E8008B900C /* AppDelegate.swift */; };
		01AEEE2C27DFB9E8008B900C /* SceneDelegate.swift in Sources */ = {isa = PBXBuildFile; fileRef = 01AEEE2B27DFB9E8008B900C /* SceneDelegate.swift */; };
		01AEEE2E27DFB9E8008B900C /* LaunchScreenViewController.swift in Sources */ = {isa = PBXBuildFile; fileRef = 01AEEE2D27DFB9E8008B900C /* LaunchScreenViewController.swift */; };
		01AEEE3127DFB9E8008B900C /* Main.storyboard in Resources */ = {isa = PBXBuildFile; fileRef = 01AEEE2F27DFB9E8008B900C /* Main.storyboard */; };
		01AEEE3327DFB9EB008B900C /* Assets.xcassets in Resources */ = {isa = PBXBuildFile; fileRef = 01AEEE3227DFB9EB008B900C /* Assets.xcassets */; };
		01AEEE3627DFB9EB008B900C /* LaunchScreen.storyboard in Resources */ = {isa = PBXBuildFile; fileRef = 01AEEE3427DFB9EB008B900C /* LaunchScreen.storyboard */; };
		01AEEE4127DFB9EB008B900C /* ChessKnightTests.swift in Sources */ = {isa = PBXBuildFile; fileRef = 01AEEE4027DFB9EB008B900C /* ChessKnightTests.swift */; };
		01AEEE4C27DFB9EB008B900C /* ChessKnightUITests.swift in Sources */ = {isa = PBXBuildFile; fileRef = 01AEEE4B27DFB9EB008B900C /* ChessKnightUITests.swift */; };
		01AEEE5E27DFD9C1008B900C /* ChessboardViewController.swift in Sources */ = {isa = PBXBuildFile; fileRef = 01AEEE5C27DFD9C1008B900C /* ChessboardViewController.swift */; };
		01AEEE5F27DFD9C1008B900C /* ChessboardViewController.xib in Resources */ = {isa = PBXBuildFile; fileRef = 01AEEE5D27DFD9C1008B900C /* ChessboardViewController.xib */; };
		01AEEE6127DFDF86008B900C /* SuperTableViewController.swift in Sources */ = {isa = PBXBuildFile; fileRef = 01AEEE6027DFDF86008B900C /* SuperTableViewController.swift */; };
		01AEEE6327DFDF9D008B900C /* SuperViewController.swift in Sources */ = {isa = PBXBuildFile; fileRef = 01AEEE6227DFDF9D008B900C /* SuperViewController.swift */; };
		01AEEE6527DFE1BD008B900C /* ChessboardModels.swift in Sources */ = {isa = PBXBuildFile; fileRef = 01AEEE6427DFE1BD008B900C /* ChessboardModels.swift */; };
		01AEEE6F27DFE3F3008B900C /* TableViewDatasource.swift in Sources */ = {isa = PBXBuildFile; fileRef = 01AEEE6E27DFE3F3008B900C /* TableViewDatasource.swift */; };
		01AEEE7127DFE43B008B900C /* SuperTableViewCellViewModel.swift in Sources */ = {isa = PBXBuildFile; fileRef = 01AEEE7027DFE43B008B900C /* SuperTableViewCellViewModel.swift */; };
		01AEEE7327DFE480008B900C /* SuperTableViewCell.swift in Sources */ = {isa = PBXBuildFile; fileRef = 01AEEE7227DFE480008B900C /* SuperTableViewCell.swift */; };
		01AEEE7727DFE6ED008B900C /* SingleLabelTableViewCell.swift in Sources */ = {isa = PBXBuildFile; fileRef = 01AEEE7527DFE6ED008B900C /* SingleLabelTableViewCell.swift */; };
		01AEEE7827DFE6ED008B900C /* SingleLabelTableViewCell.xib in Resources */ = {isa = PBXBuildFile; fileRef = 01AEEE7627DFE6ED008B900C /* SingleLabelTableViewCell.xib */; };
		01AEEE7B27DFE7AA008B900C /* SingleLabelViewModel.swift in Sources */ = {isa = PBXBuildFile; fileRef = 01AEEE7A27DFE7AA008B900C /* SingleLabelViewModel.swift */; };
		01AEEE7D27DFE7DB008B900C /* CellIdentifiers.swift in Sources */ = {isa = PBXBuildFile; fileRef = 01AEEE7C27DFE7DB008B900C /* CellIdentifiers.swift */; };
		01B0F31527E108E5005212B0 /* ChessboardTableViewCellViewModel.swift in Sources */ = {isa = PBXBuildFile; fileRef = 01B0F31427E108E5005212B0 /* ChessboardTableViewCellViewModel.swift */; };
		01B0F31927E10959005212B0 /* ChessboardTableViewCell.swift in Sources */ = {isa = PBXBuildFile; fileRef = 01B0F31727E10959005212B0 /* ChessboardTableViewCell.swift */; };
		01B0F31A27E10959005212B0 /* ChessboardTableViewCell.xib in Resources */ = {isa = PBXBuildFile; fileRef = 01B0F31827E10959005212B0 /* ChessboardTableViewCell.xib */; };
		01B0F31D27E10BEA005212B0 /* ChessboardPosition.swift in Sources */ = {isa = PBXBuildFile; fileRef = 01B0F31C27E10BEA005212B0 /* ChessboardPosition.swift */; };
		01B0F31F27E1116E005212B0 /* ChessboardCollectionViewDatasource.swift in Sources */ = {isa = PBXBuildFile; fileRef = 01B0F31E27E1116E005212B0 /* ChessboardCollectionViewDatasource.swift */; };
		01B0F32127E113E2005212B0 /* SuperCollectionViewCellViewModel.swift in Sources */ = {isa = PBXBuildFile; fileRef = 01B0F32027E113E2005212B0 /* SuperCollectionViewCellViewModel.swift */; };
		01B0F32427E11433005212B0 /* ChessboardCollectionViewCellViewModel.swift in Sources */ = {isa = PBXBuildFile; fileRef = 01B0F32327E11433005212B0 /* ChessboardCollectionViewCellViewModel.swift */; };
		01B0F32627E11514005212B0 /* SuperCollectionViewCell.swift in Sources */ = {isa = PBXBuildFile; fileRef = 01B0F32527E11514005212B0 /* SuperCollectionViewCell.swift */; };
		01B0F32A27E1153F005212B0 /* ChessboardCollectionViewCell.swift in Sources */ = {isa = PBXBuildFile; fileRef = 01B0F32827E1153F005212B0 /* ChessboardCollectionViewCell.swift */; };
		01B0F32B27E1153F005212B0 /* ChessboardCollectionViewCell.xib in Resources */ = {isa = PBXBuildFile; fileRef = 01B0F32927E1153F005212B0 /* ChessboardCollectionViewCell.xib */; };
/* End PBXBuildFile section */

/* Begin PBXContainerItemProxy section */
		01AEEE3D27DFB9EB008B900C /* PBXContainerItemProxy */ = {
			isa = PBXContainerItemProxy;
			containerPortal = 01AEEE1E27DFB9E8008B900C /* Project object */;
			proxyType = 1;
			remoteGlobalIDString = 01AEEE2527DFB9E8008B900C;
			remoteInfo = ChessKnight;
		};
		01AEEE4827DFB9EB008B900C /* PBXContainerItemProxy */ = {
			isa = PBXContainerItemProxy;
			containerPortal = 01AEEE1E27DFB9E8008B900C /* Project object */;
			proxyType = 1;
			remoteGlobalIDString = 01AEEE2527DFB9E8008B900C;
			remoteInfo = ChessKnight;
		};
/* End PBXContainerItemProxy section */

/* Begin PBXFileReference section */
		012AFADA27E26FF5000B5434 /* PathFinder.swift */ = {isa = PBXFileReference; lastKnownFileType = sourcecode.swift; path = PathFinder.swift; sourceTree = "<group>"; };
		012AFADC27E27049000B5434 /* Path.swift */ = {isa = PBXFileReference; lastKnownFileType = sourcecode.swift; path = Path.swift; sourceTree = "<group>"; };
		012AFADF27E285AD000B5434 /* ResetButtonViewModel.swift */ = {isa = PBXFileReference; lastKnownFileType = sourcecode.swift; path = ResetButtonViewModel.swift; sourceTree = "<group>"; };
		012AFAE227E28619000B5434 /* CellWithButtonTableViewCell.swift */ = {isa = PBXFileReference; lastKnownFileType = sourcecode.swift; path = CellWithButtonTableViewCell.swift; sourceTree = "<group>"; };
		012AFAE327E28619000B5434 /* CellWithButtonTableViewCell.xib */ = {isa = PBXFileReference; lastKnownFileType = file.xib; path = CellWithButtonTableViewCell.xib; sourceTree = "<group>"; };
		012F01B627E3D83500810AE1 /* PathNotationCellViewModel.swift */ = {isa = PBXFileReference; lastKnownFileType = sourcecode.swift; path = PathNotationCellViewModel.swift; sourceTree = "<group>"; };
		01AEEE2627DFB9E8008B900C /* ChessKnight.app */ = {isa = PBXFileReference; explicitFileType = wrapper.application; includeInIndex = 0; path = ChessKnight.app; sourceTree = BUILT_PRODUCTS_DIR; };
		01AEEE2927DFB9E8008B900C /* AppDelegate.swift */ = {isa = PBXFileReference; lastKnownFileType = sourcecode.swift; path = AppDelegate.swift; sourceTree = "<group>"; };
		01AEEE2B27DFB9E8008B900C /* SceneDelegate.swift */ = {isa = PBXFileReference; lastKnownFileType = sourcecode.swift; path = SceneDelegate.swift; sourceTree = "<group>"; };
		01AEEE2D27DFB9E8008B900C /* LaunchScreenViewController.swift */ = {isa = PBXFileReference; lastKnownFileType = sourcecode.swift; path = LaunchScreenViewController.swift; sourceTree = "<group>"; };
		01AEEE3027DFB9E8008B900C /* Base */ = {isa = PBXFileReference; lastKnownFileType = file.storyboard; name = Base; path = Base.lproj/Main.storyboard; sourceTree = "<group>"; };
		01AEEE3227DFB9EB008B900C /* Assets.xcassets */ = {isa = PBXFileReference; lastKnownFileType = folder.assetcatalog; path = Assets.xcassets; sourceTree = "<group>"; };
		01AEEE3527DFB9EB008B900C /* Base */ = {isa = PBXFileReference; lastKnownFileType = file.storyboard; name = Base; path = Base.lproj/LaunchScreen.storyboard; sourceTree = "<group>"; };
		01AEEE3727DFB9EB008B900C /* Info.plist */ = {isa = PBXFileReference; lastKnownFileType = text.plist.xml; path = Info.plist; sourceTree = "<group>"; };
		01AEEE3C27DFB9EB008B900C /* ChessKnightTests.xctest */ = {isa = PBXFileReference; explicitFileType = wrapper.cfbundle; includeInIndex = 0; path = ChessKnightTests.xctest; sourceTree = BUILT_PRODUCTS_DIR; };
		01AEEE4027DFB9EB008B900C /* ChessKnightTests.swift */ = {isa = PBXFileReference; lastKnownFileType = sourcecode.swift; path = ChessKnightTests.swift; sourceTree = "<group>"; };
		01AEEE4227DFB9EB008B900C /* Info.plist */ = {isa = PBXFileReference; lastKnownFileType = text.plist.xml; path = Info.plist; sourceTree = "<group>"; };
		01AEEE4727DFB9EB008B900C /* ChessKnightUITests.xctest */ = {isa = PBXFileReference; explicitFileType = wrapper.cfbundle; includeInIndex = 0; path = ChessKnightUITests.xctest; sourceTree = BUILT_PRODUCTS_DIR; };
		01AEEE4B27DFB9EB008B900C /* ChessKnightUITests.swift */ = {isa = PBXFileReference; lastKnownFileType = sourcecode.swift; path = ChessKnightUITests.swift; sourceTree = "<group>"; };
		01AEEE4D27DFB9EB008B900C /* Info.plist */ = {isa = PBXFileReference; lastKnownFileType = text.plist.xml; path = Info.plist; sourceTree = "<group>"; };
		01AEEE5C27DFD9C1008B900C /* ChessboardViewController.swift */ = {isa = PBXFileReference; lastKnownFileType = sourcecode.swift; path = ChessboardViewController.swift; sourceTree = "<group>"; };
		01AEEE5D27DFD9C1008B900C /* ChessboardViewController.xib */ = {isa = PBXFileReference; lastKnownFileType = file.xib; path = ChessboardViewController.xib; sourceTree = "<group>"; };
		01AEEE6027DFDF86008B900C /* SuperTableViewController.swift */ = {isa = PBXFileReference; lastKnownFileType = sourcecode.swift; path = SuperTableViewController.swift; sourceTree = "<group>"; };
		01AEEE6227DFDF9D008B900C /* SuperViewController.swift */ = {isa = PBXFileReference; lastKnownFileType = sourcecode.swift; path = SuperViewController.swift; sourceTree = "<group>"; };
		01AEEE6427DFE1BD008B900C /* ChessboardModels.swift */ = {isa = PBXFileReference; lastKnownFileType = sourcecode.swift; path = ChessboardModels.swift; sourceTree = "<group>"; };
		01AEEE6E27DFE3F3008B900C /* TableViewDatasource.swift */ = {isa = PBXFileReference; lastKnownFileType = sourcecode.swift; path = TableViewDatasource.swift; sourceTree = "<group>"; };
		01AEEE7027DFE43B008B900C /* SuperTableViewCellViewModel.swift */ = {isa = PBXFileReference; lastKnownFileType = sourcecode.swift; path = SuperTableViewCellViewModel.swift; sourceTree = "<group>"; };
		01AEEE7227DFE480008B900C /* SuperTableViewCell.swift */ = {isa = PBXFileReference; lastKnownFileType = sourcecode.swift; path = SuperTableViewCell.swift; sourceTree = "<group>"; };
		01AEEE7527DFE6ED008B900C /* SingleLabelTableViewCell.swift */ = {isa = PBXFileReference; lastKnownFileType = sourcecode.swift; path = SingleLabelTableViewCell.swift; sourceTree = "<group>"; };
		01AEEE7627DFE6ED008B900C /* SingleLabelTableViewCell.xib */ = {isa = PBXFileReference; lastKnownFileType = file.xib; path = SingleLabelTableViewCell.xib; sourceTree = "<group>"; };
		01AEEE7A27DFE7AA008B900C /* SingleLabelViewModel.swift */ = {isa = PBXFileReference; lastKnownFileType = sourcecode.swift; path = SingleLabelViewModel.swift; sourceTree = "<group>"; };
		01AEEE7C27DFE7DB008B900C /* CellIdentifiers.swift */ = {isa = PBXFileReference; lastKnownFileType = sourcecode.swift; path = CellIdentifiers.swift; sourceTree = "<group>"; };
		01B0F31427E108E5005212B0 /* ChessboardTableViewCellViewModel.swift */ = {isa = PBXFileReference; lastKnownFileType = sourcecode.swift; path = ChessboardTableViewCellViewModel.swift; sourceTree = "<group>"; };
		01B0F31727E10959005212B0 /* ChessboardTableViewCell.swift */ = {isa = PBXFileReference; lastKnownFileType = sourcecode.swift; path = ChessboardTableViewCell.swift; sourceTree = "<group>"; };
		01B0F31827E10959005212B0 /* ChessboardTableViewCell.xib */ = {isa = PBXFileReference; lastKnownFileType = file.xib; path = ChessboardTableViewCell.xib; sourceTree = "<group>"; };
		01B0F31C27E10BEA005212B0 /* ChessboardPosition.swift */ = {isa = PBXFileReference; lastKnownFileType = sourcecode.swift; path = ChessboardPosition.swift; sourceTree = "<group>"; };
		01B0F31E27E1116E005212B0 /* ChessboardCollectionViewDatasource.swift */ = {isa = PBXFileReference; lastKnownFileType = sourcecode.swift; path = ChessboardCollectionViewDatasource.swift; sourceTree = "<group>"; };
		01B0F32027E113E2005212B0 /* SuperCollectionViewCellViewModel.swift */ = {isa = PBXFileReference; lastKnownFileType = sourcecode.swift; path = SuperCollectionViewCellViewModel.swift; sourceTree = "<group>"; };
		01B0F32327E11433005212B0 /* ChessboardCollectionViewCellViewModel.swift */ = {isa = PBXFileReference; lastKnownFileType = sourcecode.swift; path = ChessboardCollectionViewCellViewModel.swift; sourceTree = "<group>"; };
		01B0F32527E11514005212B0 /* SuperCollectionViewCell.swift */ = {isa = PBXFileReference; lastKnownFileType = sourcecode.swift; path = SuperCollectionViewCell.swift; sourceTree = "<group>"; };
		01B0F32827E1153F005212B0 /* ChessboardCollectionViewCell.swift */ = {isa = PBXFileReference; lastKnownFileType = sourcecode.swift; path = ChessboardCollectionViewCell.swift; sourceTree = "<group>"; };
		01B0F32927E1153F005212B0 /* ChessboardCollectionViewCell.xib */ = {isa = PBXFileReference; lastKnownFileType = file.xib; path = ChessboardCollectionViewCell.xib; sourceTree = "<group>"; };
/* End PBXFileReference section */

/* Begin PBXFrameworksBuildPhase section */
		01AEEE2327DFB9E8008B900C /* Frameworks */ = {
			isa = PBXFrameworksBuildPhase;
			buildActionMask = 2147483647;
			files = (
			);
			runOnlyForDeploymentPostprocessing = 0;
		};
		01AEEE3927DFB9EB008B900C /* Frameworks */ = {
			isa = PBXFrameworksBuildPhase;
			buildActionMask = 2147483647;
			files = (
			);
			runOnlyForDeploymentPostprocessing = 0;
		};
		01AEEE4427DFB9EB008B900C /* Frameworks */ = {
			isa = PBXFrameworksBuildPhase;
			buildActionMask = 2147483647;
			files = (
			);
			runOnlyForDeploymentPostprocessing = 0;
		};
/* End PBXFrameworksBuildPhase section */

/* Begin PBXGroup section */
		012AFADE27E2857A000B5434 /* ResetButtonViewModel */ = {
			isa = PBXGroup;
			children = (
				012AFADF27E285AD000B5434 /* ResetButtonViewModel.swift */,
			);
			path = ResetButtonViewModel;
			sourceTree = "<group>";
		};
		012AFAE127E285F0000B5434 /* CellWithButton */ = {
			isa = PBXGroup;
			children = (
				012AFAE227E28619000B5434 /* CellWithButtonTableViewCell.swift */,
				012AFAE327E28619000B5434 /* CellWithButtonTableViewCell.xib */,
			);
			path = CellWithButton;
			sourceTree = "<group>";
		};
		012F01B527E3D6A100810AE1 /* PathNotationCellViewModel */ = {
			isa = PBXGroup;
			children = (
				012F01B627E3D83500810AE1 /* PathNotationCellViewModel.swift */,
			);
			path = PathNotationCellViewModel;
			sourceTree = "<group>";
		};
		01AEEE1D27DFB9E8008B900C = {
			isa = PBXGroup;
			children = (
				01AEEE2827DFB9E8008B900C /* ChessKnight */,
				01AEEE3F27DFB9EB008B900C /* ChessKnightTests */,
				01AEEE4A27DFB9EB008B900C /* ChessKnightUITests */,
				01AEEE2727DFB9E8008B900C /* Products */,
			);
			sourceTree = "<group>";
		};
		01AEEE2727DFB9E8008B900C /* Products */ = {
			isa = PBXGroup;
			children = (
				01AEEE2627DFB9E8008B900C /* ChessKnight.app */,
				01AEEE3C27DFB9EB008B900C /* ChessKnightTests.xctest */,
				01AEEE4727DFB9EB008B900C /* ChessKnightUITests.xctest */,
			);
			name = Products;
			sourceTree = "<group>";
		};
		01AEEE2827DFB9E8008B900C /* ChessKnight */ = {
			isa = PBXGroup;
			children = (
				01AEEE2927DFB9E8008B900C /* AppDelegate.swift */,
				01AEEE2B27DFB9E8008B900C /* SceneDelegate.swift */,
				01B0F31B27E10B2F005212B0 /* DomainModels */,
				01AEEE6A27DFE2D5008B900C /* Helpers */,
				01AEEE6927DFE282008B900C /* ViewModels */,
				01AEEE6627DFE25B008B900C /* Views */,
				01AEEE5927DFD959008B900C /* Screens */,
				01AEEE2F27DFB9E8008B900C /* Main.storyboard */,
				01AEEE3227DFB9EB008B900C /* Assets.xcassets */,
				01AEEE3427DFB9EB008B900C /* LaunchScreen.storyboard */,
				01AEEE3727DFB9EB008B900C /* Info.plist */,
			);
			path = ChessKnight;
			sourceTree = "<group>";
		};
		01AEEE3F27DFB9EB008B900C /* ChessKnightTests */ = {
			isa = PBXGroup;
			children = (
				01AEEE4027DFB9EB008B900C /* ChessKnightTests.swift */,
				01AEEE4227DFB9EB008B900C /* Info.plist */,
			);
			path = ChessKnightTests;
			sourceTree = "<group>";
		};
		01AEEE4A27DFB9EB008B900C /* ChessKnightUITests */ = {
			isa = PBXGroup;
			children = (
				01AEEE4B27DFB9EB008B900C /* ChessKnightUITests.swift */,
				01AEEE4D27DFB9EB008B900C /* Info.plist */,
			);
			path = ChessKnightUITests;
			sourceTree = "<group>";
		};
		01AEEE5927DFD959008B900C /* Screens */ = {
			isa = PBXGroup;
			children = (
				01AEEE6227DFDF9D008B900C /* SuperViewController.swift */,
				01AEEE6027DFDF86008B900C /* SuperTableViewController.swift */,
				01AEEE5A27DFD966008B900C /* Launch */,
				01AEEE5B27DFD987008B900C /* Chessboard */,
			);
			path = Screens;
			sourceTree = "<group>";
		};
		01AEEE5A27DFD966008B900C /* Launch */ = {
			isa = PBXGroup;
			children = (
				01AEEE2D27DFB9E8008B900C /* LaunchScreenViewController.swift */,
			);
			path = Launch;
			sourceTree = "<group>";
		};
		01AEEE5B27DFD987008B900C /* Chessboard */ = {
			isa = PBXGroup;
			children = (
				01AEEE5C27DFD9C1008B900C /* ChessboardViewController.swift */,
				01AEEE5D27DFD9C1008B900C /* ChessboardViewController.xib */,
				01AEEE6427DFE1BD008B900C /* ChessboardModels.swift */,
			);
			path = Chessboard;
			sourceTree = "<group>";
		};
		01AEEE6627DFE25B008B900C /* Views */ = {
			isa = PBXGroup;
			children = (
				01AEEE6727DFE264008B900C /* TableViewCells */,
				01AEEE6827DFE26F008B900C /* CollectionViewCells */,
			);
			path = Views;
			sourceTree = "<group>";
		};
		01AEEE6727DFE264008B900C /* TableViewCells */ = {
			isa = PBXGroup;
			children = (
				01AEEE7227DFE480008B900C /* SuperTableViewCell.swift */,
				01AEEE7427DFE6AA008B900C /* CellWithSingleLabel */,
				01B0F31627E1090F005212B0 /* ChessboardTableViewCell */,
				012AFAE127E285F0000B5434 /* CellWithButton */,
			);
			path = TableViewCells;
			sourceTree = "<group>";
		};
		01AEEE6827DFE26F008B900C /* CollectionViewCells */ = {
			isa = PBXGroup;
			children = (
				01B0F32527E11514005212B0 /* SuperCollectionViewCell.swift */,
				01B0F32727E11519005212B0 /* ChessboardCollectionViewCell */,
			);
			path = CollectionViewCells;
			sourceTree = "<group>";
		};
		01AEEE6927DFE282008B900C /* ViewModels */ = {
			isa = PBXGroup;
			children = (
				01AEEE6C27DFE36D008B900C /* TableViewCellViewModels */,
				01AEEE6D27DFE385008B900C /* CollectionViewCellViewModels */,
			);
			path = ViewModels;
			sourceTree = "<group>";
		};
		01AEEE6A27DFE2D5008B900C /* Helpers */ = {
			isa = PBXGroup;
			children = (
				01AEEE7C27DFE7DB008B900C /* CellIdentifiers.swift */,
				01AEEE6E27DFE3F3008B900C /* TableViewDatasource.swift */,
				012AFADA27E26FF5000B5434 /* PathFinder.swift */,
			);
			path = Helpers;
			sourceTree = "<group>";
		};
		01AEEE6B27DFE348008B900C /* ChessboardViewModel */ = {
			isa = PBXGroup;
			children = (
				01B0F31427E108E5005212B0 /* ChessboardTableViewCellViewModel.swift */,
				01B0F31E27E1116E005212B0 /* ChessboardCollectionViewDatasource.swift */,
			);
			path = ChessboardViewModel;
			sourceTree = "<group>";
		};
		01AEEE6C27DFE36D008B900C /* TableViewCellViewModels */ = {
			isa = PBXGroup;
			children = (
				012F01B527E3D6A100810AE1 /* PathNotationCellViewModel */,
				01AEEE7027DFE43B008B900C /* SuperTableViewCellViewModel.swift */,
				01AEEE7927DFE779008B900C /* SingleLabelViewModel */,
				01AEEE6B27DFE348008B900C /* ChessboardViewModel */,
				012AFADE27E2857A000B5434 /* ResetButtonViewModel */,
			);
			path = TableViewCellViewModels;
			sourceTree = "<group>";
		};
		01AEEE6D27DFE385008B900C /* CollectionViewCellViewModels */ = {
			isa = PBXGroup;
			children = (
				01B0F32027E113E2005212B0 /* SuperCollectionViewCellViewModel.swift */,
				01B0F32227E113E6005212B0 /* ChessboardCollectionViewCellViewModel */,
			);
			path = CollectionViewCellViewModels;
			sourceTree = "<group>";
		};
		01AEEE7427DFE6AA008B900C /* CellWithSingleLabel */ = {
			isa = PBXGroup;
			children = (
				01AEEE7527DFE6ED008B900C /* SingleLabelTableViewCell.swift */,
				01AEEE7627DFE6ED008B900C /* SingleLabelTableViewCell.xib */,
			);
			path = CellWithSingleLabel;
			sourceTree = "<group>";
		};
		01AEEE7927DFE779008B900C /* SingleLabelViewModel */ = {
			isa = PBXGroup;
			children = (
				01AEEE7A27DFE7AA008B900C /* SingleLabelViewModel.swift */,
			);
			path = SingleLabelViewModel;
			sourceTree = "<group>";
		};
		01B0F31627E1090F005212B0 /* ChessboardTableViewCell */ = {
			isa = PBXGroup;
			children = (
				01B0F31727E10959005212B0 /* ChessboardTableViewCell.swift */,
				01B0F31827E10959005212B0 /* ChessboardTableViewCell.xib */,
			);
			path = ChessboardTableViewCell;
			sourceTree = "<group>";
		};
		01B0F31B27E10B2F005212B0 /* DomainModels */ = {
			isa = PBXGroup;
			children = (
				01B0F31C27E10BEA005212B0 /* ChessboardPosition.swift */,
				012AFADC27E27049000B5434 /* Path.swift */,
			);
			path = DomainModels;
			sourceTree = "<group>";
		};
		01B0F32227E113E6005212B0 /* ChessboardCollectionViewCellViewModel */ = {
			isa = PBXGroup;
			children = (
				01B0F32327E11433005212B0 /* ChessboardCollectionViewCellViewModel.swift */,
			);
			path = ChessboardCollectionViewCellViewModel;
			sourceTree = "<group>";
		};
		01B0F32727E11519005212B0 /* ChessboardCollectionViewCell */ = {
			isa = PBXGroup;
			children = (
				01B0F32827E1153F005212B0 /* ChessboardCollectionViewCell.swift */,
				01B0F32927E1153F005212B0 /* ChessboardCollectionViewCell.xib */,
			);
			path = ChessboardCollectionViewCell;
			sourceTree = "<group>";
		};
/* End PBXGroup section */

/* Begin PBXNativeTarget section */
		01AEEE2527DFB9E8008B900C /* ChessKnight */ = {
			isa = PBXNativeTarget;
			buildConfigurationList = 01AEEE5027DFB9EB008B900C /* Build configuration list for PBXNativeTarget "ChessKnight" */;
			buildPhases = (
				01AEEE2227DFB9E8008B900C /* Sources */,
				01AEEE2327DFB9E8008B900C /* Frameworks */,
				01AEEE2427DFB9E8008B900C /* Resources */,
			);
			buildRules = (
			);
			dependencies = (
			);
			name = ChessKnight;
			productName = ChessKnight;
			productReference = 01AEEE2627DFB9E8008B900C /* ChessKnight.app */;
			productType = "com.apple.product-type.application";
		};
		01AEEE3B27DFB9EB008B900C /* ChessKnightTests */ = {
			isa = PBXNativeTarget;
			buildConfigurationList = 01AEEE5327DFB9EB008B900C /* Build configuration list for PBXNativeTarget "ChessKnightTests" */;
			buildPhases = (
				01AEEE3827DFB9EB008B900C /* Sources */,
				01AEEE3927DFB9EB008B900C /* Frameworks */,
				01AEEE3A27DFB9EB008B900C /* Resources */,
			);
			buildRules = (
			);
			dependencies = (
				01AEEE3E27DFB9EB008B900C /* PBXTargetDependency */,
			);
			name = ChessKnightTests;
			productName = ChessKnightTests;
			productReference = 01AEEE3C27DFB9EB008B900C /* ChessKnightTests.xctest */;
			productType = "com.apple.product-type.bundle.unit-test";
		};
		01AEEE4627DFB9EB008B900C /* ChessKnightUITests */ = {
			isa = PBXNativeTarget;
			buildConfigurationList = 01AEEE5627DFB9EB008B900C /* Build configuration list for PBXNativeTarget "ChessKnightUITests" */;
			buildPhases = (
				01AEEE4327DFB9EB008B900C /* Sources */,
				01AEEE4427DFB9EB008B900C /* Frameworks */,
				01AEEE4527DFB9EB008B900C /* Resources */,
			);
			buildRules = (
			);
			dependencies = (
				01AEEE4927DFB9EB008B900C /* PBXTargetDependency */,
			);
			name = ChessKnightUITests;
			productName = ChessKnightUITests;
			productReference = 01AEEE4727DFB9EB008B900C /* ChessKnightUITests.xctest */;
			productType = "com.apple.product-type.bundle.ui-testing";
		};
/* End PBXNativeTarget section */

/* Begin PBXProject section */
		01AEEE1E27DFB9E8008B900C /* Project object */ = {
			isa = PBXProject;
			attributes = {
				LastSwiftUpdateCheck = 1250;
				LastUpgradeCheck = 1250;
				TargetAttributes = {
					01AEEE2527DFB9E8008B900C = {
						CreatedOnToolsVersion = 12.5.1;
					};
					01AEEE3B27DFB9EB008B900C = {
						CreatedOnToolsVersion = 12.5.1;
						TestTargetID = 01AEEE2527DFB9E8008B900C;
					};
					01AEEE4627DFB9EB008B900C = {
						CreatedOnToolsVersion = 12.5.1;
						TestTargetID = 01AEEE2527DFB9E8008B900C;
					};
				};
			};
			buildConfigurationList = 01AEEE2127DFB9E8008B900C /* Build configuration list for PBXProject "ChessKnight" */;
			compatibilityVersion = "Xcode 9.3";
			developmentRegion = en;
			hasScannedForEncodings = 0;
			knownRegions = (
				en,
				Base,
			);
			mainGroup = 01AEEE1D27DFB9E8008B900C;
			productRefGroup = 01AEEE2727DFB9E8008B900C /* Products */;
			projectDirPath = "";
			projectRoot = "";
			targets = (
				01AEEE2527DFB9E8008B900C /* ChessKnight */,
				01AEEE3B27DFB9EB008B900C /* ChessKnightTests */,
				01AEEE4627DFB9EB008B900C /* ChessKnightUITests */,
			);
		};
/* End PBXProject section */

/* Begin PBXResourcesBuildPhase section */
		01AEEE2427DFB9E8008B900C /* Resources */ = {
			isa = PBXResourcesBuildPhase;
			buildActionMask = 2147483647;
			files = (
				01AEEE3627DFB9EB008B900C /* LaunchScreen.storyboard in Resources */,
				01B0F32B27E1153F005212B0 /* ChessboardCollectionViewCell.xib in Resources */,
				01B0F31A27E10959005212B0 /* ChessboardTableViewCell.xib in Resources */,
				012AFAE527E28619000B5434 /* CellWithButtonTableViewCell.xib in Resources */,
				01AEEE3327DFB9EB008B900C /* Assets.xcassets in Resources */,
				01AEEE5F27DFD9C1008B900C /* ChessboardViewController.xib in Resources */,
				01AEEE7827DFE6ED008B900C /* SingleLabelTableViewCell.xib in Resources */,
				01AEEE3127DFB9E8008B900C /* Main.storyboard in Resources */,
			);
			runOnlyForDeploymentPostprocessing = 0;
		};
		01AEEE3A27DFB9EB008B900C /* Resources */ = {
			isa = PBXResourcesBuildPhase;
			buildActionMask = 2147483647;
			files = (
			);
			runOnlyForDeploymentPostprocessing = 0;
		};
		01AEEE4527DFB9EB008B900C /* Resources */ = {
			isa = PBXResourcesBuildPhase;
			buildActionMask = 2147483647;
			files = (
			);
			runOnlyForDeploymentPostprocessing = 0;
		};
/* End PBXResourcesBuildPhase section */

/* Begin PBXSourcesBuildPhase section */
		01AEEE2227DFB9E8008B900C /* Sources */ = {
			isa = PBXSourcesBuildPhase;
			buildActionMask = 2147483647;
			files = (
				012AFAE027E285AD000B5434 /* ResetButtonViewModel.swift in Sources */,
				01AEEE6127DFDF86008B900C /* SuperTableViewController.swift in Sources */,
				012AFADD27E27049000B5434 /* Path.swift in Sources */,
				01AEEE2E27DFB9E8008B900C /* LaunchScreenViewController.swift in Sources */,
				01B0F32627E11514005212B0 /* SuperCollectionViewCell.swift in Sources */,
				01AEEE6F27DFE3F3008B900C /* TableViewDatasource.swift in Sources */,
				01B0F32427E11433005212B0 /* ChessboardCollectionViewCellViewModel.swift in Sources */,
				01AEEE2A27DFB9E8008B900C /* AppDelegate.swift in Sources */,
				012AFADB27E26FF5000B5434 /* PathFinder.swift in Sources */,
				01B0F31F27E1116E005212B0 /* ChessboardCollectionViewDatasource.swift in Sources */,
				01B0F32A27E1153F005212B0 /* ChessboardCollectionViewCell.swift in Sources */,
				012F01B727E3D83500810AE1 /* PathNotationCellViewModel.swift in Sources */,
				01B0F32127E113E2005212B0 /* SuperCollectionViewCellViewModel.swift in Sources */,
				01B0F31927E10959005212B0 /* ChessboardTableViewCell.swift in Sources */,
				012AFAE427E28619000B5434 /* CellWithButtonTableViewCell.swift in Sources */,
				01B0F31527E108E5005212B0 /* ChessboardTableViewCellViewModel.swift in Sources */,
				01B0F31D27E10BEA005212B0 /* ChessboardPosition.swift in Sources */,
				01AEEE5E27DFD9C1008B900C /* ChessboardViewController.swift in Sources */,
				01AEEE6327DFDF9D008B900C /* SuperViewController.swift in Sources */,
				01AEEE6527DFE1BD008B900C /* ChessboardModels.swift in Sources */,
				01AEEE7B27DFE7AA008B900C /* SingleLabelViewModel.swift in Sources */,
				01AEEE7327DFE480008B900C /* SuperTableViewCell.swift in Sources */,
				01AEEE7D27DFE7DB008B900C /* CellIdentifiers.swift in Sources */,
				01AEEE7127DFE43B008B900C /* SuperTableViewCellViewModel.swift in Sources */,
				01AEEE7727DFE6ED008B900C /* SingleLabelTableViewCell.swift in Sources */,
				01AEEE2C27DFB9E8008B900C /* SceneDelegate.swift in Sources */,
			);
			runOnlyForDeploymentPostprocessing = 0;
		};
		01AEEE3827DFB9EB008B900C /* Sources */ = {
			isa = PBXSourcesBuildPhase;
			buildActionMask = 2147483647;
			files = (
				01AEEE4127DFB9EB008B900C /* ChessKnightTests.swift in Sources */,
			);
			runOnlyForDeploymentPostprocessing = 0;
		};
		01AEEE4327DFB9EB008B900C /* Sources */ = {
			isa = PBXSourcesBuildPhase;
			buildActionMask = 2147483647;
			files = (
				01AEEE4C27DFB9EB008B900C /* ChessKnightUITests.swift in Sources */,
			);
			runOnlyForDeploymentPostprocessing = 0;
		};
/* End PBXSourcesBuildPhase section */

/* Begin PBXTargetDependency section */
		01AEEE3E27DFB9EB008B900C /* PBXTargetDependency */ = {
			isa = PBXTargetDependency;
			target = 01AEEE2527DFB9E8008B900C /* ChessKnight */;
			targetProxy = 01AEEE3D27DFB9EB008B900C /* PBXContainerItemProxy */;
		};
		01AEEE4927DFB9EB008B900C /* PBXTargetDependency */ = {
			isa = PBXTargetDependency;
			target = 01AEEE2527DFB9E8008B900C /* ChessKnight */;
			targetProxy = 01AEEE4827DFB9EB008B900C /* PBXContainerItemProxy */;
		};
/* End PBXTargetDependency section */

/* Begin PBXVariantGroup section */
		01AEEE2F27DFB9E8008B900C /* Main.storyboard */ = {
			isa = PBXVariantGroup;
			children = (
				01AEEE3027DFB9E8008B900C /* Base */,
			);
			name = Main.storyboard;
			sourceTree = "<group>";
		};
		01AEEE3427DFB9EB008B900C /* LaunchScreen.storyboard */ = {
			isa = PBXVariantGroup;
			children = (
				01AEEE3527DFB9EB008B900C /* Base */,
			);
			name = LaunchScreen.storyboard;
			sourceTree = "<group>";
		};
/* End PBXVariantGroup section */

/* Begin XCBuildConfiguration section */
		01AEEE4E27DFB9EB008B900C /* Debug */ = {
			isa = XCBuildConfiguration;
			buildSettings = {
				ALWAYS_SEARCH_USER_PATHS = NO;
				CLANG_ANALYZER_NONNULL = YES;
				CLANG_ANALYZER_NUMBER_OBJECT_CONVERSION = YES_AGGRESSIVE;
				CLANG_CXX_LANGUAGE_STANDARD = "gnu++14";
				CLANG_CXX_LIBRARY = "libc++";
				CLANG_ENABLE_MODULES = YES;
				CLANG_ENABLE_OBJC_ARC = YES;
				CLANG_ENABLE_OBJC_WEAK = YES;
				CLANG_WARN_BLOCK_CAPTURE_AUTORELEASING = YES;
				CLANG_WARN_BOOL_CONVERSION = YES;
				CLANG_WARN_COMMA = YES;
				CLANG_WARN_CONSTANT_CONVERSION = YES;
				CLANG_WARN_DEPRECATED_OBJC_IMPLEMENTATIONS = YES;
				CLANG_WARN_DIRECT_OBJC_ISA_USAGE = YES_ERROR;
				CLANG_WARN_DOCUMENTATION_COMMENTS = YES;
				CLANG_WARN_EMPTY_BODY = YES;
				CLANG_WARN_ENUM_CONVERSION = YES;
				CLANG_WARN_INFINITE_RECURSION = YES;
				CLANG_WARN_INT_CONVERSION = YES;
				CLANG_WARN_NON_LITERAL_NULL_CONVERSION = YES;
				CLANG_WARN_OBJC_IMPLICIT_RETAIN_SELF = YES;
				CLANG_WARN_OBJC_LITERAL_CONVERSION = YES;
				CLANG_WARN_OBJC_ROOT_CLASS = YES_ERROR;
				CLANG_WARN_QUOTED_INCLUDE_IN_FRAMEWORK_HEADER = YES;
				CLANG_WARN_RANGE_LOOP_ANALYSIS = YES;
				CLANG_WARN_STRICT_PROTOTYPES = YES;
				CLANG_WARN_SUSPICIOUS_MOVE = YES;
				CLANG_WARN_UNGUARDED_AVAILABILITY = YES_AGGRESSIVE;
				CLANG_WARN_UNREACHABLE_CODE = YES;
				CLANG_WARN__DUPLICATE_METHOD_MATCH = YES;
				COPY_PHASE_STRIP = NO;
				DEBUG_INFORMATION_FORMAT = dwarf;
				ENABLE_STRICT_OBJC_MSGSEND = YES;
				ENABLE_TESTABILITY = YES;
				GCC_C_LANGUAGE_STANDARD = gnu11;
				GCC_DYNAMIC_NO_PIC = NO;
				GCC_NO_COMMON_BLOCKS = YES;
				GCC_OPTIMIZATION_LEVEL = 0;
				GCC_PREPROCESSOR_DEFINITIONS = (
					"DEBUG=1",
					"$(inherited)",
				);
				GCC_WARN_64_TO_32_BIT_CONVERSION = YES;
				GCC_WARN_ABOUT_RETURN_TYPE = YES_ERROR;
				GCC_WARN_UNDECLARED_SELECTOR = YES;
				GCC_WARN_UNINITIALIZED_AUTOS = YES_AGGRESSIVE;
				GCC_WARN_UNUSED_FUNCTION = YES;
				GCC_WARN_UNUSED_VARIABLE = YES;
				IPHONEOS_DEPLOYMENT_TARGET = 14.5;
				MTL_ENABLE_DEBUG_INFO = INCLUDE_SOURCE;
				MTL_FAST_MATH = YES;
				ONLY_ACTIVE_ARCH = YES;
				SDKROOT = iphoneos;
				SWIFT_ACTIVE_COMPILATION_CONDITIONS = DEBUG;
				SWIFT_OPTIMIZATION_LEVEL = "-Onone";
			};
			name = Debug;
		};
		01AEEE4F27DFB9EB008B900C /* Release */ = {
			isa = XCBuildConfiguration;
			buildSettings = {
				ALWAYS_SEARCH_USER_PATHS = NO;
				CLANG_ANALYZER_NONNULL = YES;
				CLANG_ANALYZER_NUMBER_OBJECT_CONVERSION = YES_AGGRESSIVE;
				CLANG_CXX_LANGUAGE_STANDARD = "gnu++14";
				CLANG_CXX_LIBRARY = "libc++";
				CLANG_ENABLE_MODULES = YES;
				CLANG_ENABLE_OBJC_ARC = YES;
				CLANG_ENABLE_OBJC_WEAK = YES;
				CLANG_WARN_BLOCK_CAPTURE_AUTORELEASING = YES;
				CLANG_WARN_BOOL_CONVERSION = YES;
				CLANG_WARN_COMMA = YES;
				CLANG_WARN_CONSTANT_CONVERSION = YES;
				CLANG_WARN_DEPRECATED_OBJC_IMPLEMENTATIONS = YES;
				CLANG_WARN_DIRECT_OBJC_ISA_USAGE = YES_ERROR;
				CLANG_WARN_DOCUMENTATION_COMMENTS = YES;
				CLANG_WARN_EMPTY_BODY = YES;
				CLANG_WARN_ENUM_CONVERSION = YES;
				CLANG_WARN_INFINITE_RECURSION = YES;
				CLANG_WARN_INT_CONVERSION = YES;
				CLANG_WARN_NON_LITERAL_NULL_CONVERSION = YES;
				CLANG_WARN_OBJC_IMPLICIT_RETAIN_SELF = YES;
				CLANG_WARN_OBJC_LITERAL_CONVERSION = YES;
				CLANG_WARN_OBJC_ROOT_CLASS = YES_ERROR;
				CLANG_WARN_QUOTED_INCLUDE_IN_FRAMEWORK_HEADER = YES;
				CLANG_WARN_RANGE_LOOP_ANALYSIS = YES;
				CLANG_WARN_STRICT_PROTOTYPES = YES;
				CLANG_WARN_SUSPICIOUS_MOVE = YES;
				CLANG_WARN_UNGUARDED_AVAILABILITY = YES_AGGRESSIVE;
				CLANG_WARN_UNREACHABLE_CODE = YES;
				CLANG_WARN__DUPLICATE_METHOD_MATCH = YES;
				COPY_PHASE_STRIP = NO;
				DEBUG_INFORMATION_FORMAT = "dwarf-with-dsym";
				ENABLE_NS_ASSERTIONS = NO;
				ENABLE_STRICT_OBJC_MSGSEND = YES;
				GCC_C_LANGUAGE_STANDARD = gnu11;
				GCC_NO_COMMON_BLOCKS = YES;
				GCC_WARN_64_TO_32_BIT_CONVERSION = YES;
				GCC_WARN_ABOUT_RETURN_TYPE = YES_ERROR;
				GCC_WARN_UNDECLARED_SELECTOR = YES;
				GCC_WARN_UNINITIALIZED_AUTOS = YES_AGGRESSIVE;
				GCC_WARN_UNUSED_FUNCTION = YES;
				GCC_WARN_UNUSED_VARIABLE = YES;
				IPHONEOS_DEPLOYMENT_TARGET = 14.5;
				MTL_ENABLE_DEBUG_INFO = NO;
				MTL_FAST_MATH = YES;
				SDKROOT = iphoneos;
				SWIFT_COMPILATION_MODE = wholemodule;
				SWIFT_OPTIMIZATION_LEVEL = "-O";
				VALIDATE_PRODUCT = YES;
			};
			name = Release;
		};
		01AEEE5127DFB9EB008B900C /* Debug */ = {
			isa = XCBuildConfiguration;
			buildSettings = {
				ASSETCATALOG_COMPILER_APPICON_NAME = AppIcon;
				ASSETCATALOG_COMPILER_GLOBAL_ACCENT_COLOR_NAME = AccentColor;
				CODE_SIGN_STYLE = Automatic;
				DEVELOPMENT_TEAM = NZWQP9YW3P;
				INFOPLIST_FILE = ChessKnight/Info.plist;
				LD_RUNPATH_SEARCH_PATHS = (
					"$(inherited)",
					"@executable_path/Frameworks",
				);
				PRODUCT_BUNDLE_IDENTIFIER = dk.ChessKnight;
				PRODUCT_NAME = "$(TARGET_NAME)";
				SWIFT_VERSION = 5.0;
				TARGETED_DEVICE_FAMILY = "1,2";
			};
			name = Debug;
		};
		01AEEE5227DFB9EB008B900C /* Release */ = {
			isa = XCBuildConfiguration;
			buildSettings = {
				ASSETCATALOG_COMPILER_APPICON_NAME = AppIcon;
				ASSETCATALOG_COMPILER_GLOBAL_ACCENT_COLOR_NAME = AccentColor;
				CODE_SIGN_STYLE = Automatic;
				DEVELOPMENT_TEAM = NZWQP9YW3P;
				INFOPLIST_FILE = ChessKnight/Info.plist;
				LD_RUNPATH_SEARCH_PATHS = (
					"$(inherited)",
					"@executable_path/Frameworks",
				);
				PRODUCT_BUNDLE_IDENTIFIER = dk.ChessKnight;
				PRODUCT_NAME = "$(TARGET_NAME)";
				SWIFT_VERSION = 5.0;
				TARGETED_DEVICE_FAMILY = "1,2";
			};
			name = Release;
		};
		01AEEE5427DFB9EB008B900C /* Debug */ = {
			isa = XCBuildConfiguration;
			buildSettings = {
				ALWAYS_EMBED_SWIFT_STANDARD_LIBRARIES = YES;
				BUNDLE_LOADER = "$(TEST_HOST)";
				CODE_SIGN_STYLE = Automatic;
				DEVELOPMENT_TEAM = NZWQP9YW3P;
				INFOPLIST_FILE = ChessKnightTests/Info.plist;
				IPHONEOS_DEPLOYMENT_TARGET = 14.5;
				LD_RUNPATH_SEARCH_PATHS = (
					"$(inherited)",
					"@executable_path/Frameworks",
					"@loader_path/Frameworks",
				);
				PRODUCT_BUNDLE_IDENTIFIER = dk.ChessKnightTests;
				PRODUCT_NAME = "$(TARGET_NAME)";
				SWIFT_VERSION = 5.0;
				TARGETED_DEVICE_FAMILY = "1,2";
				TEST_HOST = "$(BUILT_PRODUCTS_DIR)/ChessKnight.app/ChessKnight";
			};
			name = Debug;
		};
		01AEEE5527DFB9EB008B900C /* Release */ = {
			isa = XCBuildConfiguration;
			buildSettings = {
				ALWAYS_EMBED_SWIFT_STANDARD_LIBRARIES = YES;
				BUNDLE_LOADER = "$(TEST_HOST)";
				CODE_SIGN_STYLE = Automatic;
				DEVELOPMENT_TEAM = NZWQP9YW3P;
				INFOPLIST_FILE = ChessKnightTests/Info.plist;
				IPHONEOS_DEPLOYMENT_TARGET = 14.5;
				LD_RUNPATH_SEARCH_PATHS = (
					"$(inherited)",
					"@executable_path/Frameworks",
					"@loader_path/Frameworks",
				);
				PRODUCT_BUNDLE_IDENTIFIER = dk.ChessKnightTests;
				PRODUCT_NAME = "$(TARGET_NAME)";
				SWIFT_VERSION = 5.0;
				TARGETED_DEVICE_FAMILY = "1,2";
				TEST_HOST = "$(BUILT_PRODUCTS_DIR)/ChessKnight.app/ChessKnight";
			};
			name = Release;
		};
		01AEEE5727DFB9EB008B900C /* Debug */ = {
			isa = XCBuildConfiguration;
			buildSettings = {
				ALWAYS_EMBED_SWIFT_STANDARD_LIBRARIES = YES;
				CODE_SIGN_STYLE = Automatic;
				DEVELOPMENT_TEAM = NZWQP9YW3P;
				INFOPLIST_FILE = ChessKnightUITests/Info.plist;
				LD_RUNPATH_SEARCH_PATHS = (
					"$(inherited)",
					"@executable_path/Frameworks",
					"@loader_path/Frameworks",
				);
				PRODUCT_BUNDLE_IDENTIFIER = dk.ChessKnightUITests;
				PRODUCT_NAME = "$(TARGET_NAME)";
				SWIFT_VERSION = 5.0;
				TARGETED_DEVICE_FAMILY = "1,2";
				TEST_TARGET_NAME = ChessKnight;
			};
			name = Debug;
		};
		01AEEE5827DFB9EB008B900C /* Release */ = {
			isa = XCBuildConfiguration;
			buildSettings = {
				ALWAYS_EMBED_SWIFT_STANDARD_LIBRARIES = YES;
				CODE_SIGN_STYLE = Automatic;
				DEVELOPMENT_TEAM = NZWQP9YW3P;
				INFOPLIST_FILE = ChessKnightUITests/Info.plist;
				LD_RUNPATH_SEARCH_PATHS = (
					"$(inherited)",
					"@executable_path/Frameworks",
					"@loader_path/Frameworks",
				);
				PRODUCT_BUNDLE_IDENTIFIER = dk.ChessKnightUITests;
				PRODUCT_NAME = "$(TARGET_NAME)";
				SWIFT_VERSION = 5.0;
				TARGETED_DEVICE_FAMILY = "1,2";
				TEST_TARGET_NAME = ChessKnight;
			};
			name = Release;
		};
/* End XCBuildConfiguration section */

/* Begin XCConfigurationList section */
		01AEEE2127DFB9E8008B900C /* Build configuration list for PBXProject "ChessKnight" */ = {
			isa = XCConfigurationList;
			buildConfigurations = (
				01AEEE4E27DFB9EB008B900C /* Debug */,
				01AEEE4F27DFB9EB008B900C /* Release */,
			);
			defaultConfigurationIsVisible = 0;
			defaultConfigurationName = Release;
		};
		01AEEE5027DFB9EB008B900C /* Build configuration list for PBXNativeTarget "ChessKnight" */ = {
			isa = XCConfigurationList;
			buildConfigurations = (
				01AEEE5127DFB9EB008B900C /* Debug */,
				01AEEE5227DFB9EB008B900C /* Release */,
			);
			defaultConfigurationIsVisible = 0;
			defaultConfigurationName = Release;
		};
		01AEEE5327DFB9EB008B900C /* Build configuration list for PBXNativeTarget "ChessKnightTests" */ = {
			isa = XCConfigurationList;
			buildConfigurations = (
				01AEEE5427DFB9EB008B900C /* Debug */,
				01AEEE5527DFB9EB008B900C /* Release */,
			);
			defaultConfigurationIsVisible = 0;
			defaultConfigurationName = Release;
		};
		01AEEE5627DFB9EB008B900C /* Build configuration list for PBXNativeTarget "ChessKnightUITests" */ = {
			isa = XCConfigurationList;
			buildConfigurations = (
				01AEEE5727DFB9EB008B900C /* Debug */,
				01AEEE5827DFB9EB008B900C /* Release */,
			);
			defaultConfigurationIsVisible = 0;
			defaultConfigurationName = Release;
		};
/* End XCConfigurationList section */
	};
	rootObject = 01AEEE1E27DFB9E8008B900C /* Project object */;
}
